
Microsoft Visual Studio Solution File, Format Version 12.00
# Visual Studio Version 17
VisualStudioVersion = 17.13.35806.99
MinimumVisualStudioVersion = 10.0.40219.1
Project("{FAE04EC0-301F-11D3-BF4B-00C04F79EFBC}") = "SkyOrderBook", "SkyOrderBook.csproj", "{677EB643-9F06-4772-8B49-8B83433CEEF5}"
EndProject
Global
	GlobalSection(SolutionConfigurationPlatforms) = preSolution
		Debug|Any CPU = Debug|Any CPU
		Release|Any CPU = Release|Any CPU
	EndGlobalSection
	GlobalSection(ProjectConfigurationPlatforms) = postSolution
		{677EB643-9F06-4772-8B49-8B83433CEEF5}.Debug|Any CPU.ActiveCfg = Debug|Any CPU
		{677EB643-9F06-4772-8B49-8B83433CEEF5}.Debug|Any CPU.Build.0 = Debug|Any CPU
		{677EB643-9F06-4772-8B49-8B83433CEEF5}.Release|Any CPU.ActiveCfg = Release|Any CPU
		{677EB643-9F06-4772-8B49-8B83433CEEF5}.Release|Any CPU.Build.0 = Release|Any CPU
	EndGlobalSection
	GlobalSection(SolutionProperties) = preSolution
		HideSolutionNode = FALSE
	EndGlobalSection
	GlobalSection(ExtensibilityGlobals) = postSolution
		SolutionGuid = {21DBF24D-6A1D-487B-B936-411FCDD56EA3}
	EndGlobalSection
EndGlobal
